{
  "originHash" : "959dc1a7d799116705a3231de7d60dabd72dfbb5487aa4e17482649062f1455c",
  "pins" : [
    {
      "identity" : "feather-storage",
      "kind" : "remoteSourceControl",
      "location" : "https://github.com/feather-framework/feather-storage",
      "state" : {
        "revision" : "d9cf9f07b3b270d34b5ac34fcbbbe765a85b17b8",
        "version" : "1.0.0-beta.2"
      }
    },
    {
      "identity" : "swift-atomics",
      "kind" : "remoteSourceControl",
      "location" : "https://github.com/apple/swift-atomics.git",
      "state" : {
        "revision" : "b601256eab081c0f92f059e12818ac1d4f178ff7",
        "version" : "1.3.0"
      }
    },
    {
      "identity" : "swift-collections",
      "kind" : "remoteSourceControl",
      "location" : "https://github.com/apple/swift-collections.git",
      "state" : {
        "revision" : "7b847a3b7008b2dc2f47ca3110d8c782fb2e5c7e",
        "version" : "1.3.0"
      }
    },
    {
      "identity" : "swift-nio",
      "kind" : "remoteSourceControl",
      "location" : "https://github.com/apple/swift-nio",
      "state" : {
        "revision" : "e932d3c4d8f77433c8f7093b5ebcbf91463948a0",
        "version" : "2.95.0"
      }
    },
    {
      "identity" : "swift-system",
      "kind" : "remoteSourceControl",
      "location" : "https://github.com/apple/swift-system.git",
      "state" : {
        "revision" : "7c6ad0fc39d0763e0b699210e4124afd5041c5df",
        "version" : "1.6.4"
      }
    }
  ],
  "version" : 3
}
